{
  "nodes": {
    "nixpkgs": {
      "locked": {
        "lastModified": 0,
        "narHash": "sha256-eCWaE/q1VItpFAxxLVt171MdtDcjEnwi6QB/yuF73JU=",
        "path": "/nix/store/fjs1x9gz2n1dvjqcyyl6qsw110qxc2zn-source",
        "type": "path"
      },
      "original": {
        "id": "nixpkgs",
        "type": "indirect"
      }
    },
    "root": {
      "inputs": {
        "nixpkgs": "nixpkgs"
      }
    }
  },
  "root": "root",
  "version": 7
}
